
Microsoft Visual Studio Solution File, Format Version 12.00
# Visual Studio Version 17
VisualStudioVersion = 17.5.33502.453
MinimumVisualStudioVersion = 10.0.40219.1
Project("{FAE04EC0-301F-11D3-BF4B-00C04F79EFBC}") = "Lab_2_2", "Lab_2_2\Lab_2_2.csproj", "{524F37DE-E8C5-456B-84AF-0E0442C78537}"
EndProject
Global
	GlobalSection(SolutionConfigurationPlatforms) = preSolution
		Debug|Any CPU = Debug|Any CPU
		Release|Any CPU = Release|Any CPU
	EndGlobalSection
	GlobalSection(ProjectConfigurationPlatforms) = postSolution
		{524F37DE-E8C5-456B-84AF-0E0442C78537}.Debug|Any CPU.ActiveCfg = Debug|Any CPU
		{524F37DE-E8C5-456B-84AF-0E0442C78537}.Debug|Any CPU.Build.0 = Debug|Any CPU
		{524F37DE-E8C5-456B-84AF-0E0442C78537}.Release|Any CPU.ActiveCfg = Release|Any CPU
		{524F37DE-E8C5-456B-84AF-0E0442C78537}.Release|Any CPU.Build.0 = Release|Any CPU
	EndGlobalSection
	GlobalSection(SolutionProperties) = preSolution
		HideSolutionNode = FALSE
	EndGlobalSection
	GlobalSection(ExtensibilityGlobals) = postSolution
		SolutionGuid = {981C6516-065E-48BA-9F1C-9F867FC88C6A}
	EndGlobalSection
EndGlobal
